Microsoft Visual Studio Solution File, Format Version 12.00
# Visual Studio Version 17
VisualStudioVersion = 17.5.2.0
MinimumVisualStudioVersion = 10.0.40219.1
Project("{FAE04EC0-301F-11D3-BF4B-00C04F79EFBC}") = "chatappservice", "chatappservice.csproj", "{8C41930C-7BC9-9F96-090B-6EA5EEF85F54}"
EndProject
Global
	GlobalSection(SolutionConfigurationPlatforms) = preSolution
		Debug|Any CPU = Debug|Any CPU
		Release|Any CPU = Release|Any CPU
	EndGlobalSection
	GlobalSection(ProjectConfigurationPlatforms) = postSolution
		{8C41930C-7BC9-9F96-090B-6EA5EEF85F54}.Debug|Any CPU.ActiveCfg = Debug|Any CPU
		{8C41930C-7BC9-9F96-090B-6EA5EEF85F54}.Debug|Any CPU.Build.0 = Debug|Any CPU
		{8C41930C-7BC9-9F96-090B-6EA5EEF85F54}.Release|Any CPU.ActiveCfg = Release|Any CPU
		{8C41930C-7BC9-9F96-090B-6EA5EEF85F54}.Release|Any CPU.Build.0 = Release|Any CPU
	EndGlobalSection
	GlobalSection(SolutionProperties) = preSolution
		HideSolutionNode = FALSE
	EndGlobalSection
	GlobalSection(ExtensibilityGlobals) = postSolution
		SolutionGuid = {5B09DE61-48BC-4445-AB3C-FD357D67D4EB}
	EndGlobalSection
EndGlobal
